
Microsoft Visual Studio Solution File, Format Version 12.00
# Visual Studio 2012
Project("{FAE04EC0-301F-11D3-BF4B-00C04F79EFBC}") = "GpodderLibDevTool", "GpodderLibDevTool\GpodderLibDevTool.csproj", "{C9E1A2B8-73EF-4E51-B2B9-1A8624B6D58B}"
EndProject
Project("{FAE04EC0-301F-11D3-BF4B-00C04F79EFBC}") = "GpodderLib", "GpodderLib\GpodderLib.csproj", "{D485C949-DF0E-42F7-8148-220DF5021D66}"
EndProject
Global
	GlobalSection(SolutionConfigurationPlatforms) = preSolution
		Debug|AnyCPU = Debug|AnyCPU
		Release|AnyCPU = Release|AnyCPU
	EndGlobalSection
	GlobalSection(ProjectConfigurationPlatforms) = postSolution
		{C9E1A2B8-73EF-4E51-B2B9-1A8624B6D58B}.Debug|AnyCPU.ActiveCfg = Debug|Any CPU
		{C9E1A2B8-73EF-4E51-B2B9-1A8624B6D58B}.Debug|AnyCPU.Build.0 = Debug|Any CPU
		{C9E1A2B8-73EF-4E51-B2B9-1A8624B6D58B}.Release|AnyCPU.ActiveCfg = Debug|Any CPU
		{C9E1A2B8-73EF-4E51-B2B9-1A8624B6D58B}.Release|AnyCPU.Build.0 = Debug|Any CPU
		{D485C949-DF0E-42F7-8148-220DF5021D66}.Debug|AnyCPU.ActiveCfg = Debug|Any CPU
		{D485C949-DF0E-42F7-8148-220DF5021D66}.Debug|AnyCPU.Build.0 = Debug|Any CPU
		{D485C949-DF0E-42F7-8148-220DF5021D66}.Release|AnyCPU.ActiveCfg = Release|Any CPU
		{D485C949-DF0E-42F7-8148-220DF5021D66}.Release|AnyCPU.Build.0 = Release|Any CPU
	EndGlobalSection
	GlobalSection(SolutionProperties) = preSolution
		HideSolutionNode = FALSE
	EndGlobalSection
	GlobalSection(ExtensibilityGlobals) = postSolution
		VisualSVNWorkingCopyRoot = .
	EndGlobalSection
EndGlobal
