
Microsoft Visual Studio Solution File, Format Version 12.00
# Visual Studio 2012
Project("{FAE04EC0-301F-11D3-BF4B-00C04F79EFBC}") = "GpodderLibDevTool", "GpodderLibDevTool\GpodderLibDevTool.csproj", "{C9E1A2B8-73EF-4E51-B2B9-1A8624B6D58B}"
EndProject
Project("{FAE04EC0-301F-11D3-BF4B-00C04F79EFBC}") = "GpodderLib", "GpodderLib\GpodderLib.csproj", "{D485C949-DF0E-42F7-8148-220DF5021D66}"
EndProject
Global
	GlobalSection(SolutionConfigurationPlatforms) = preSolution
		Debug|NET45 = Debug|NET45
		Debug|WP80 = Debug|WP80
		Release|NET45 = Release|NET45
		Release|WP80 = Release|WP80
	EndGlobalSection
	GlobalSection(ProjectConfigurationPlatforms) = postSolution
		{C9E1A2B8-73EF-4E51-B2B9-1A8624B6D58B}.Debug|NET45.ActiveCfg = Debug|NET45
		{C9E1A2B8-73EF-4E51-B2B9-1A8624B6D58B}.Debug|NET45.Build.0 = Debug|NET45
		{C9E1A2B8-73EF-4E51-B2B9-1A8624B6D58B}.Debug|WP80.ActiveCfg = Debug|NET45
		{C9E1A2B8-73EF-4E51-B2B9-1A8624B6D58B}.Release|NET45.ActiveCfg = Debug|NET45
		{C9E1A2B8-73EF-4E51-B2B9-1A8624B6D58B}.Release|NET45.Build.0 = Debug|NET45
		{C9E1A2B8-73EF-4E51-B2B9-1A8624B6D58B}.Release|WP80.ActiveCfg = Debug|NET45
		{D485C949-DF0E-42F7-8148-220DF5021D66}.Debug|NET45.ActiveCfg = Debug|NET45
		{D485C949-DF0E-42F7-8148-220DF5021D66}.Debug|NET45.Build.0 = Debug|NET45
		{D485C949-DF0E-42F7-8148-220DF5021D66}.Debug|WP80.ActiveCfg = Debug|WP80
		{D485C949-DF0E-42F7-8148-220DF5021D66}.Debug|WP80.Build.0 = Debug|WP80
		{D485C949-DF0E-42F7-8148-220DF5021D66}.Release|NET45.ActiveCfg = Release|NET45
		{D485C949-DF0E-42F7-8148-220DF5021D66}.Release|NET45.Build.0 = Release|NET45
		{D485C949-DF0E-42F7-8148-220DF5021D66}.Release|WP80.ActiveCfg = Release|WP80
		{D485C949-DF0E-42F7-8148-220DF5021D66}.Release|WP80.Build.0 = Release|WP80
	EndGlobalSection
	GlobalSection(SolutionProperties) = preSolution
		HideSolutionNode = FALSE
	EndGlobalSection
	GlobalSection(ExtensibilityGlobals) = postSolution
		VisualSVNWorkingCopyRoot = .
	EndGlobalSection
EndGlobal
